// !$*UTF8*$!
{
	archiveVersion = 1;
	classes = {
	};
	objectVersion = 46;
	objects = {

/* Begin PBXBuildFile section */
		0589E1DE1CBF3F29001DCFB0 /* main.m in Sources */ = {isa = PBXBuildFile; fileRef = 0589E1DD1CBF3F29001DCFB0 /* main.m */; };
		0589E1E11CBF3F29001DCFB0 /* AppDelegate.m in Sources */ = {isa = PBXBuildFile; fileRef = 0589E1E01CBF3F29001DCFB0 /* AppDelegate.m */; };
		0589E1E41CBF3F29001DCFB0 /* ViewController.m in Sources */ = {isa = PBXBuildFile; fileRef = 0589E1E31CBF3F29001DCFB0 /* ViewController.m */; };
		0589E1E71CBF3F29001DCFB0 /* Main.storyboard in Resources */ = {isa = PBXBuildFile; fileRef = 0589E1E51CBF3F29001DCFB0 /* Main.storyboard */; };
		0589E1E91CBF3F29001DCFB0 /* Assets.xcassets in Resources */ = {isa = PBXBuildFile; fileRef = 0589E1E81CBF3F29001DCFB0 /* Assets.xcassets */; };
		0589E1EC1CBF3F29001DCFB0 /* LaunchScreen.storyboard in Resources */ = {isa = PBXBuildFile; fileRef = 0589E1EA1CBF3F29001DCFB0 /* LaunchScreen.storyboard */; };
		0589E2051CBF4652001DCFB0 /* ImageResources.bundle in Resources */ = {isa = PBXBuildFile; fileRef = 0589E1F41CBF4652001DCFB0 /* ImageResources.bundle */; };
		0589E2061CBF4652001DCFB0 /* ZCXActionSheet.m in Sources */ = {isa = PBXBuildFile; fileRef = 0589E1F61CBF4652001DCFB0 /* ZCXActionSheet.m */; };
		0589E2071CBF4652001DCFB0 /* ZCXActionSheetContentView.m in Sources */ = {isa = PBXBuildFile; fileRef = 0589E1F81CBF4652001DCFB0 /* ZCXActionSheetContentView.m */; };
		0589E2081CBF4652001DCFB0 /* ZCXCollectionReusableView.m in Sources */ = {isa = PBXBuildFile; fileRef = 0589E1FA1CBF4652001DCFB0 /* ZCXCollectionReusableView.m */; };
		0589E2091CBF4652001DCFB0 /* ZCXCollectionViewLayout.m in Sources */ = {isa = PBXBuildFile; fileRef = 0589E1FC1CBF4652001DCFB0 /* ZCXCollectionViewLayout.m */; };
		0589E20A1CBF4652001DCFB0 /* ZCXPhotoCell.m in Sources */ = {isa = PBXBuildFile; fileRef = 0589E1FE1CBF4652001DCFB0 /* ZCXPhotoCell.m */; };
		0589E20B1CBF4652001DCFB0 /* ZCXPhotoCollectionView.m in Sources */ = {isa = PBXBuildFile; fileRef = 0589E2001CBF4652001DCFB0 /* ZCXPhotoCollectionView.m */; };
		0589E20C1CBF4652001DCFB0 /* ZCXPhotoManager.m in Sources */ = {isa = PBXBuildFile; fileRef = 0589E2021CBF4652001DCFB0 /* ZCXPhotoManager.m */; };
		0589E20D1CBF4652001DCFB0 /* ZCXScrollLayout.m in Sources */ = {isa = PBXBuildFile; fileRef = 0589E2041CBF4652001DCFB0 /* ZCXScrollLayout.m */; };
/* End PBXBuildFile section */

/* Begin PBXFileReference section */
		0589E1D91CBF3F29001DCFB0 /* ZCXActionSheet.app */ = {isa = PBXFileReference; explicitFileType = wrapper.application; includeInIndex = 0; path = ZCXActionSheet.app; sourceTree = BUILT_PRODUCTS_DIR; };
		0589E1DD1CBF3F29001DCFB0 /* main.m */ = {isa = PBXFileReference; lastKnownFileType = sourcecode.c.objc; path = main.m; sourceTree = "<group>"; };
		0589E1DF1CBF3F29001DCFB0 /* AppDelegate.h */ = {isa = PBXFileReference; lastKnownFileType = sourcecode.c.h; path = AppDelegate.h; sourceTree = "<group>"; };
		0589E1E01CBF3F29001DCFB0 /* AppDelegate.m */ = {isa = PBXFileReference; lastKnownFileType = sourcecode.c.objc; path = AppDelegate.m; sourceTree = "<group>"; };
		0589E1E21CBF3F29001DCFB0 /* ViewController.h */ = {isa = PBXFileReference; lastKnownFileType = sourcecode.c.h; path = ViewController.h; sourceTree = "<group>"; };
		0589E1E31CBF3F29001DCFB0 /* ViewController.m */ = {isa = PBXFileReference; lastKnownFileType = sourcecode.c.objc; path = ViewController.m; sourceTree = "<group>"; };
		0589E1E61CBF3F29001DCFB0 /* Base */ = {isa = PBXFileReference; lastKnownFileType = file.storyboard; name = Base; path = Base.lproj/Main.storyboard; sourceTree = "<group>"; };
		0589E1E81CBF3F29001DCFB0 /* Assets.xcassets */ = {isa = PBXFileReference; lastKnownFileType = folder.assetcatalog; path = Assets.xcassets; sourceTree = "<group>"; };
		0589E1EB1CBF3F29001DCFB0 /* Base */ = {isa = PBXFileReference; lastKnownFileType = file.storyboard; name = Base; path = Base.lproj/LaunchScreen.storyboard; sourceTree = "<group>"; };
		0589E1ED1CBF3F29001DCFB0 /* Info.plist */ = {isa = PBXFileReference; lastKnownFileType = text.plist.xml; path = Info.plist; sourceTree = "<group>"; };
		0589E1F41CBF4652001DCFB0 /* ImageResources.bundle */ = {isa = PBXFileReference; lastKnownFileType = "wrapper.plug-in"; path = ImageResources.bundle; sourceTree = "<group>"; };
		0589E1F51CBF4652001DCFB0 /* ZCXActionSheet.h */ = {isa = PBXFileReference; fileEncoding = 4; lastKnownFileType = sourcecode.c.h; path = ZCXActionSheet.h; sourceTree = "<group>"; };
		0589E1F61CBF4652001DCFB0 /* ZCXActionSheet.m */ = {isa = PBXFileReference; fileEncoding = 4; lastKnownFileType = sourcecode.c.objc; path = ZCXActionSheet.m; sourceTree = "<group>"; };
		0589E1F71CBF4652001DCFB0 /* ZCXActionSheetContentView.h */ = {isa = PBXFileReference; fileEncoding = 4; lastKnownFileType = sourcecode.c.h; path = ZCXActionSheetContentView.h; sourceTree = "<group>"; };
		0589E1F81CBF4652001DCFB0 /* ZCXActionSheetContentView.m */ = {isa = PBXFileReference; fileEncoding = 4; lastKnownFileType = sourcecode.c.objc; path = ZCXActionSheetContentView.m; sourceTree = "<group>"; };
		0589E1F91CBF4652001DCFB0 /* ZCXCollectionReusableView.h */ = {isa = PBXFileReference; fileEncoding = 4; lastKnownFileType = sourcecode.c.h; path = ZCXCollectionReusableView.h; sourceTree = "<group>"; };
		0589E1FA1CBF4652001DCFB0 /* ZCXCollectionReusableView.m */ = {isa = PBXFileReference; fileEncoding = 4; lastKnownFileType = sourcecode.c.objc; path = ZCXCollectionReusableView.m; sourceTree = "<group>"; };
		0589E1FB1CBF4652001DCFB0 /* ZCXCollectionViewLayout.h */ = {isa = PBXFileReference; fileEncoding = 4; lastKnownFileType = sourcecode.c.h; path = ZCXCollectionViewLayout.h; sourceTree = "<group>"; };
		0589E1FC1CBF4652001DCFB0 /* ZCXCollectionViewLayout.m */ = {isa = PBXFileReference; fileEncoding = 4; lastKnownFileType = sourcecode.c.objc; path = ZCXCollectionViewLayout.m; sourceTree = "<group>"; };
		0589E1FD1CBF4652001DCFB0 /* ZCXPhotoCell.h */ = {isa = PBXFileReference; fileEncoding = 4; lastKnownFileType = sourcecode.c.h; path = ZCXPhotoCell.h; sourceTree = "<group>"; };
		0589E1FE1CBF4652001DCFB0 /* ZCXPhotoCell.m */ = {isa = PBXFileReference; fileEncoding = 4; lastKnownFileType = sourcecode.c.objc; path = ZCXPhotoCell.m; sourceTree = "<group>"; };
		0589E1FF1CBF4652001DCFB0 /* ZCXPhotoCollectionView.h */ = {isa = PBXFileReference; fileEncoding = 4; lastKnownFileType = sourcecode.c.h; path = ZCXPhotoCollectionView.h; sourceTree = "<group>"; };
		0589E2001CBF4652001DCFB0 /* ZCXPhotoCollectionView.m */ = {isa = PBXFileReference; fileEncoding = 4; lastKnownFileType = sourcecode.c.objc; path = ZCXPhotoCollectionView.m; sourceTree = "<group>"; };
		0589E2011CBF4652001DCFB0 /* ZCXPhotoManager.h */ = {isa = PBXFileReference; fileEncoding = 4; lastKnownFileType = sourcecode.c.h; path = ZCXPhotoManager.h; sourceTree = "<group>"; };
		0589E2021CBF4652001DCFB0 /* ZCXPhotoManager.m */ = {isa = PBXFileReference; fileEncoding = 4; lastKnownFileType = sourcecode.c.objc; path = ZCXPhotoManager.m; sourceTree = "<group>"; };
		0589E2031CBF4652001DCFB0 /* ZCXScrollLayout.h */ = {isa = PBXFileReference; fileEncoding = 4; lastKnownFileType = sourcecode.c.h; path = ZCXScrollLayout.h; sourceTree = "<group>"; };
		0589E2041CBF4652001DCFB0 /* ZCXScrollLayout.m */ = {isa = PBXFileReference; fileEncoding = 4; lastKnownFileType = sourcecode.c.objc; path = ZCXScrollLayout.m; sourceTree = "<group>"; };
/* End PBXFileReference section */

/* Begin PBXFrameworksBuildPhase section */
		0589E1D61CBF3F29001DCFB0 /* Frameworks */ = {
			isa = PBXFrameworksBuildPhase;
			buildActionMask = 2147483647;
			files = (
			);
			runOnlyForDeploymentPostprocessing = 0;
		};
/* End PBXFrameworksBuildPhase section */

/* Begin PBXGroup section */
		0589E1D01CBF3F29001DCFB0 = {
			isa = PBXGroup;
			children = (
				0589E1DB1CBF3F29001DCFB0 /* ZCXActionSheet */,
				0589E1DA1CBF3F29001DCFB0 /* Products */,
			);
			sourceTree = "<group>";
		};
		0589E1DA1CBF3F29001DCFB0 /* Products */ = {
			isa = PBXGroup;
			children = (
				0589E1D91CBF3F29001DCFB0 /* ZCXActionSheet.app */,
			);
			name = Products;
			sourceTree = "<group>";
		};
		0589E1DB1CBF3F29001DCFB0 /* ZCXActionSheet */ = {
			isa = PBXGroup;
			children = (
				0589E1F31CBF3F82001DCFB0 /* ZCXActionSheet */,
				0589E1DF1CBF3F29001DCFB0 /* AppDelegate.h */,
				0589E1E01CBF3F29001DCFB0 /* AppDelegate.m */,
				0589E1E21CBF3F29001DCFB0 /* ViewController.h */,
				0589E1E31CBF3F29001DCFB0 /* ViewController.m */,
				0589E1E51CBF3F29001DCFB0 /* Main.storyboard */,
				0589E1E81CBF3F29001DCFB0 /* Assets.xcassets */,
				0589E1EA1CBF3F29001DCFB0 /* LaunchScreen.storyboard */,
				0589E1ED1CBF3F29001DCFB0 /* Info.plist */,
				0589E1DC1CBF3F29001DCFB0 /* Supporting Files */,
			);
			path = ZCXActionSheet;
			sourceTree = "<group>";
		};
		0589E1DC1CBF3F29001DCFB0 /* Supporting Files */ = {
			isa = PBXGroup;
			children = (
				0589E1DD1CBF3F29001DCFB0 /* main.m */,
			);
			name = "Supporting Files";
			sourceTree = "<group>";
		};
		0589E1F31CBF3F82001DCFB0 /* ZCXActionSheet */ = {
			isa = PBXGroup;
			children = (
				0589E1F41CBF4652001DCFB0 /* ImageResources.bundle */,
				0589E1F51CBF4652001DCFB0 /* ZCXActionSheet.h */,
				0589E1F61CBF4652001DCFB0 /* ZCXActionSheet.m */,
				0589E1F71CBF4652001DCFB0 /* ZCXActionSheetContentView.h */,
				0589E1F81CBF4652001DCFB0 /* ZCXActionSheetContentView.m */,
				0589E1F91CBF4652001DCFB0 /* ZCXCollectionReusableView.h */,
				0589E1FA1CBF4652001DCFB0 /* ZCXCollectionReusableView.m */,
				0589E1FB1CBF4652001DCFB0 /* ZCXCollectionViewLayout.h */,
				0589E1FC1CBF4652001DCFB0 /* ZCXCollectionViewLayout.m */,
				0589E1FD1CBF4652001DCFB0 /* ZCXPhotoCell.h */,
				0589E1FE1CBF4652001DCFB0 /* ZCXPhotoCell.m */,
				0589E1FF1CBF4652001DCFB0 /* ZCXPhotoCollectionView.h */,
				0589E2001CBF4652001DCFB0 /* ZCXPhotoCollectionView.m */,
				0589E2011CBF4652001DCFB0 /* ZCXPhotoManager.h */,
				0589E2021CBF4652001DCFB0 /* ZCXPhotoManager.m */,
				0589E2031CBF4652001DCFB0 /* ZCXScrollLayout.h */,
				0589E2041CBF4652001DCFB0 /* ZCXScrollLayout.m */,
			);
			path = ZCXActionSheet;
			sourceTree = "<group>";
		};
/* End PBXGroup section */

/* Begin PBXNativeTarget section */
		0589E1D81CBF3F29001DCFB0 /* ZCXActionSheet */ = {
			isa = PBXNativeTarget;
			buildConfigurationList = 0589E1F01CBF3F29001DCFB0 /* Build configuration list for PBXNativeTarget "ZCXActionSheet" */;
			buildPhases = (
				0589E1D51CBF3F29001DCFB0 /* Sources */,
				0589E1D61CBF3F29001DCFB0 /* Frameworks */,
				0589E1D71CBF3F29001DCFB0 /* Resources */,
			);
			buildRules = (
			);
			dependencies = (
			);
			name = ZCXActionSheet;
			productName = ZCXActionSheet;
			productReference = 0589E1D91CBF3F29001DCFB0 /* ZCXActionSheet.app */;
			productType = "com.apple.product-type.application";
		};
/* End PBXNativeTarget section */

/* Begin PBXProject section */
		0589E1D11CBF3F29001DCFB0 /* Project object */ = {
			isa = PBXProject;
			attributes = {
				LastUpgradeCheck = 0730;
				ORGANIZATIONNAME = "继续前行";
				TargetAttributes = {
					0589E1D81CBF3F29001DCFB0 = {
						CreatedOnToolsVersion = 7.3;
					};
				};
			};
			buildConfigurationList = 0589E1D41CBF3F29001DCFB0 /* Build configuration list for PBXProject "ZCXActionSheet" */;
			compatibilityVersion = "Xcode 3.2";
			developmentRegion = English;
			hasScannedForEncodings = 0;
			knownRegions = (
				en,
				Base,
			);
			mainGroup = 0589E1D01CBF3F29001DCFB0;
			productRefGroup = 0589E1DA1CBF3F29001DCFB0 /* Products */;
			projectDirPath = "";
			projectRoot = "";
			targets = (
				0589E1D81CBF3F29001DCFB0 /* ZCXActionSheet */,
			);
		};
/* End PBXProject section */

/* Begin PBXResourcesBuildPhase section */
		0589E1D71CBF3F29001DCFB0 /* Resources */ = {
			isa = PBXResourcesBuildPhase;
			buildActionMask = 2147483647;
			files = (
				0589E1EC1CBF3F29001DCFB0 /* LaunchScreen.storyboard in Resources */,
				0589E1E91CBF3F29001DCFB0 /* Assets.xcassets in Resources */,
				0589E1E71CBF3F29001DCFB0 /* Main.storyboard in Resources */,
				0589E2051CBF4652001DCFB0 /* ImageResources.bundle in Resources */,
			);
			runOnlyForDeploymentPostprocessing = 0;
		};
/* End PBXResourcesBuildPhase section */

/* Begin PBXSourcesBuildPhase section */
		0589E1D51CBF3F29001DCFB0 /* Sources */ = {
			isa = PBXSourcesBuildPhase;
			buildActionMask = 2147483647;
			files = (
				0589E20A1CBF4652001DCFB0 /* ZCXPhotoCell.m in Sources */,
				0589E1E41CBF3F29001DCFB0 /* ViewController.m in Sources */,
				0589E1E11CBF3F29001DCFB0 /* AppDelegate.m in Sources */,
				0589E2071CBF4652001DCFB0 /* ZCXActionSheetContentView.m in Sources */,
				0589E20B1CBF4652001DCFB0 /* ZCXPhotoCollectionView.m in Sources */,
				0589E20D1CBF4652001DCFB0 /* ZCXScrollLayout.m in Sources */,
				0589E2091CBF4652001DCFB0 /* ZCXCollectionViewLayout.m in Sources */,
				0589E2081CBF4652001DCFB0 /* ZCXCollectionReusableView.m in Sources */,
				0589E1DE1CBF3F29001DCFB0 /* main.m in Sources */,
				0589E20C1CBF4652001DCFB0 /* ZCXPhotoManager.m in Sources */,
				0589E2061CBF4652001DCFB0 /* ZCXActionSheet.m in Sources */,
			);
			runOnlyForDeploymentPostprocessing = 0;
		};
/* End PBXSourcesBuildPhase section */

/* Begin PBXVariantGroup section */
		0589E1E51CBF3F29001DCFB0 /* Main.storyboard */ = {
			isa = PBXVariantGroup;
			children = (
				0589E1E61CBF3F29001DCFB0 /* Base */,
			);
			name = Main.storyboard;
			sourceTree = "<group>";
		};
		0589E1EA1CBF3F29001DCFB0 /* LaunchScreen.storyboard */ = {
			isa = PBXVariantGroup;
			children = (
				0589E1EB1CBF3F29001DCFB0 /* Base */,
			);
			name = LaunchScreen.storyboard;
			sourceTree = "<group>";
		};
/* End PBXVariantGroup section */

/* Begin XCBuildConfiguration section */
		0589E1EE1CBF3F29001DCFB0 /* Debug */ = {
			isa = XCBuildConfiguration;
			buildSettings = {
				ALWAYS_SEARCH_USER_PATHS = NO;
				CLANG_ANALYZER_NONNULL = YES;
				CLANG_CXX_LANGUAGE_STANDARD = "gnu++0x";
				CLANG_CXX_LIBRARY = "libc++";
				CLANG_ENABLE_MODULES = YES;
				CLANG_ENABLE_OBJC_ARC = YES;
				CLANG_WARN_BOOL_CONVERSION = YES;
				CLANG_WARN_CONSTANT_CONVERSION = YES;
				CLANG_WARN_DIRECT_OBJC_ISA_USAGE = YES_ERROR;
				CLANG_WARN_EMPTY_BODY = YES;
				CLANG_WARN_ENUM_CONVERSION = YES;
				CLANG_WARN_INT_CONVERSION = YES;
				CLANG_WARN_OBJC_ROOT_CLASS = YES_ERROR;
				CLANG_WARN_UNREACHABLE_CODE = YES;
				CLANG_WARN__DUPLICATE_METHOD_MATCH = YES;
				"CODE_SIGN_IDENTITY[sdk=iphoneos*]" = "iPhone Developer";
				COPY_PHASE_STRIP = NO;
				DEBUG_INFORMATION_FORMAT = dwarf;
				ENABLE_STRICT_OBJC_MSGSEND = YES;
				ENABLE_TESTABILITY = YES;
				GCC_C_LANGUAGE_STANDARD = gnu99;
				GCC_DYNAMIC_NO_PIC = NO;
				GCC_NO_COMMON_BLOCKS = YES;
				GCC_OPTIMIZATION_LEVEL = 0;
				GCC_PREPROCESSOR_DEFINITIONS = (
					"DEBUG=1",
					"$(inherited)",
				);
				GCC_WARN_64_TO_32_BIT_CONVERSION = YES;
				GCC_WARN_ABOUT_RETURN_TYPE = YES_ERROR;
				GCC_WARN_UNDECLARED_SELECTOR = YES;
				GCC_WARN_UNINITIALIZED_AUTOS = YES_AGGRESSIVE;
				GCC_WARN_UNUSED_FUNCTION = YES;
				GCC_WARN_UNUSED_VARIABLE = YES;
				IPHONEOS_DEPLOYMENT_TARGET = 9.3;
				MTL_ENABLE_DEBUG_INFO = YES;
				ONLY_ACTIVE_ARCH = YES;
				SDKROOT = iphoneos;
				TARGETED_DEVICE_FAMILY = "1,2";
			};
			name = Debug;
		};
		0589E1EF1CBF3F29001DCFB0 /* Release */ = {
			isa = XCBuildConfiguration;
			buildSettings = {
				ALWAYS_SEARCH_USER_PATHS = NO;
				CLANG_ANALYZER_NONNULL = YES;
				CLANG_CXX_LANGUAGE_STANDARD = "gnu++0x";
				CLANG_CXX_LIBRARY = "libc++";
				CLANG_ENABLE_MODULES = YES;
				CLANG_ENABLE_OBJC_ARC = YES;
				CLANG_WARN_BOOL_CONVERSION = YES;
				CLANG_WARN_CONSTANT_CONVERSION = YES;
				CLANG_WARN_DIRECT_OBJC_ISA_USAGE = YES_ERROR;
				CLANG_WARN_EMPTY_BODY = YES;
				CLANG_WARN_ENUM_CONVERSION = YES;
				CLANG_WARN_INT_CONVERSION = YES;
				CLANG_WARN_OBJC_ROOT_CLASS = YES_ERROR;
				CLANG_WARN_UNREACHABLE_CODE = YES;
				CLANG_WARN__DUPLICATE_METHOD_MATCH = YES;
				"CODE_SIGN_IDENTITY[sdk=iphoneos*]" = "iPhone Developer";
				COPY_PHASE_STRIP = NO;
				DEBUG_INFORMATION_FORMAT = "dwarf-with-dsym";
				ENABLE_NS_ASSERTIONS = NO;
				ENABLE_STRICT_OBJC_MSGSEND = YES;
				GCC_C_LANGUAGE_STANDARD = gnu99;
				GCC_NO_COMMON_BLOCKS = YES;
				GCC_WARN_64_TO_32_BIT_CONVERSION = YES;
				GCC_WARN_ABOUT_RETURN_TYPE = YES_ERROR;
				GCC_WARN_UNDECLARED_SELECTOR = YES;
				GCC_WARN_UNINITIALIZED_AUTOS = YES_AGGRESSIVE;
				GCC_WARN_UNUSED_FUNCTION = YES;
				GCC_WARN_UNUSED_VARIABLE = YES;
				IPHONEOS_DEPLOYMENT_TARGET = 9.3;
				MTL_ENABLE_DEBUG_INFO = NO;
				SDKROOT = iphoneos;
				TARGETED_DEVICE_FAMILY = "1,2";
				VALIDATE_PRODUCT = YES;
			};
			name = Release;
		};
		0589E1F11CBF3F29001DCFB0 /* Debug */ = {
			isa = XCBuildConfiguration;
			buildSettings = {
				ASSETCATALOG_COMPILER_APPICON_NAME = AppIcon;
				INFOPLIST_FILE = ZCXActionSheet/Info.plist;
				IPHONEOS_DEPLOYMENT_TARGET = 7.1;
				LD_RUNPATH_SEARCH_PATHS = "$(inherited) @executable_path/Frameworks";
				PRODUCT_BUNDLE_IDENTIFIER = io.jixuqianxing.ZCXActionSheet;
				PRODUCT_NAME = "$(TARGET_NAME)";
			};
			name = Debug;
		};
		0589E1F21CBF3F29001DCFB0 /* Release */ = {
			isa = XCBuildConfiguration;
			buildSettings = {
				ASSETCATALOG_COMPILER_APPICON_NAME = AppIcon;
				INFOPLIST_FILE = ZCXActionSheet/Info.plist;
				IPHONEOS_DEPLOYMENT_TARGET = 7.1;
				LD_RUNPATH_SEARCH_PATHS = "$(inherited) @executable_path/Frameworks";
				PRODUCT_BUNDLE_IDENTIFIER = io.jixuqianxing.ZCXActionSheet;
				PRODUCT_NAME = "$(TARGET_NAME)";
			};
			name = Release;
		};
/* End XCBuildConfiguration section */

/* Begin XCConfigurationList section */
		0589E1D41CBF3F29001DCFB0 /* Build configuration list for PBXProject "ZCXActionSheet" */ = {
			isa = XCConfigurationList;
			buildConfigurations = (
				0589E1EE1CBF3F29001DCFB0 /* Debug */,
				0589E1EF1CBF3F29001DCFB0 /* Release */,
			);
			defaultConfigurationIsVisible = 0;
			defaultConfigurationName = Release;
		};
		0589E1F01CBF3F29001DCFB0 /* Build configuration list for PBXNativeTarget "ZCXActionSheet" */ = {
			isa = XCConfigurationList;
			buildConfigurations = (
				0589E1F11CBF3F29001DCFB0 /* Debug */,
				0589E1F21CBF3F29001DCFB0 /* Release */,
			);
			defaultConfigurationIsVisible = 0;
			defaultConfigurationName = Release;
		};
/* End XCConfigurationList section */
	};
	rootObject = 0589E1D11CBF3F29001DCFB0 /* Project object */;
}
